
Microsoft Visual Studio Solution File, Format Version 12.00
# Visual Studio Version 17
VisualStudioVersion = 17.11.35208.52
MinimumVisualStudioVersion = 10.0.40219.1
Project("{FAE04EC0-301F-11D3-BF4B-00C04F79EFBC}") = "BuberBreakfast.Contracts", "BuberBreakfast.Contracts\BuberBreakfast.Contracts.csproj", "{07E9D353-8238-43C6-AC32-17CB11F9CC12}"
EndProject
Project("{FAE04EC0-301F-11D3-BF4B-00C04F79EFBC}") = "BuberBreakfast", "BuberBreakfast\BuberBreakfast.csproj", "{41307A23-8456-4A29-9775-553C7FCE99DA}"
EndProject
Project("{2150E333-8FDC-42A3-9474-1A3956D46DE8}") = "Docs", "Docs", "{7D650522-8A9B-4B22-B5AC-28E68B08093C}"
	ProjectSection(SolutionItems) = preProject
		README.md = README.md
	EndProjectSection
EndProject
Global
	GlobalSection(SolutionConfigurationPlatforms) = preSolution
		Debug|Any CPU = Debug|Any CPU
		Release|Any CPU = Release|Any CPU
	EndGlobalSection
	GlobalSection(ProjectConfigurationPlatforms) = postSolution
		{07E9D353-8238-43C6-AC32-17CB11F9CC12}.Debug|Any CPU.ActiveCfg = Debug|Any CPU
		{07E9D353-8238-43C6-AC32-17CB11F9CC12}.Debug|Any CPU.Build.0 = Debug|Any CPU
		{07E9D353-8238-43C6-AC32-17CB11F9CC12}.Release|Any CPU.ActiveCfg = Release|Any CPU
		{07E9D353-8238-43C6-AC32-17CB11F9CC12}.Release|Any CPU.Build.0 = Release|Any CPU
		{41307A23-8456-4A29-9775-553C7FCE99DA}.Debug|Any CPU.ActiveCfg = Debug|Any CPU
		{41307A23-8456-4A29-9775-553C7FCE99DA}.Debug|Any CPU.Build.0 = Debug|Any CPU
		{41307A23-8456-4A29-9775-553C7FCE99DA}.Release|Any CPU.ActiveCfg = Release|Any CPU
		{41307A23-8456-4A29-9775-553C7FCE99DA}.Release|Any CPU.Build.0 = Release|Any CPU
	EndGlobalSection
	GlobalSection(SolutionProperties) = preSolution
		HideSolutionNode = FALSE
	EndGlobalSection
	GlobalSection(ExtensibilityGlobals) = postSolution
		SolutionGuid = {DE4ADB6F-F5F7-4652-A8C3-9F3709FD0DF2}
	EndGlobalSection
EndGlobal
